
Microsoft Visual Studio Solution File, Format Version 12.00
# Visual Studio Version 17
VisualStudioVersion = 17.12.35707.178
MinimumVisualStudioVersion = 10.0.40219.1
Project("{FAE04EC0-301F-11D3-BF4B-00C04F79EFBC}") = "AuthService.API", "ProjectPayrollSystem\AuthService.API.csproj", "{2C1E61C3-2692-4EE4-A80C-6923E80929A5}"
EndProject
Project("{2150E333-8FDC-42A3-9474-1A3956D46DE8}") = "AuthService", "AuthService", "{740C74C2-C6A8-4848-9796-8C6AFC782929}"
EndProject
Project("{FAE04EC0-301F-11D3-BF4B-00C04F79EFBC}") = "AuthService.Core", "AuthService.Core\AuthService.Core.csproj", "{BB13CFA9-4676-4BA9-A3B4-A5C7FB47FDE1}"
EndProject
Project("{FAE04EC0-301F-11D3-BF4B-00C04F79EFBC}") = "AuthService.Infrastructure", "AuthService.Infrastructure\AuthService.Infrastructure.csproj", "{6F703C65-98E2-47D9-ABEC-6408B4CB9CEA}"
EndProject
Project("{FAE04EC0-301F-11D3-BF4B-00C04F79EFBC}") = "Payroll.Common", "Payroll.Common\Payroll.Common.csproj", "{50C65C26-8C7F-4CB8-B4EB-BE6D1341D677}"
EndProject
Project("{2150E333-8FDC-42A3-9474-1A3956D46DE8}") = "EmployeeService", "EmployeeService", "{0F19615A-B2A3-4264-BCA5-49CC686DD026}"
EndProject
Project("{FAE04EC0-301F-11D3-BF4B-00C04F79EFBC}") = "EmployeeService.API", "EmployeeService.API\EmployeeService.API.csproj", "{B9E2197F-287E-4150-A48F-BA29574E3248}"
EndProject
Project("{FAE04EC0-301F-11D3-BF4B-00C04F79EFBC}") = "EmployeeService.Core", "EmployeeService.Core\EmployeeService.Core.csproj", "{F696260D-DFCC-4D0D-91C2-CC498FECBC9C}"
EndProject
Project("{FAE04EC0-301F-11D3-BF4B-00C04F79EFBC}") = "EmployeeService.Infrastructure", "EmployeeService.Infrastructure\EmployeeService.Infrastructure.csproj", "{3656BB38-50FF-4F3F-9748-F0E47EF34650}"
EndProject
Project("{2150E333-8FDC-42A3-9474-1A3956D46DE8}") = "AttendanceShiftService", "AttendanceShiftService", "{DD65C5B0-8E7A-46FB-AE95-F220A4D0AE6C}"
EndProject
Project("{FAE04EC0-301F-11D3-BF4B-00C04F79EFBC}") = "AttendanceShift.API", "AttendanceShift.API\AttendanceShift.API.csproj", "{709C77BE-571C-461C-8A14-62B3B20B3AD6}"
EndProject
Project("{FAE04EC0-301F-11D3-BF4B-00C04F79EFBC}") = "AttendanceShift.Core", "AttendanceShift.Core\AttendanceShift.Core.csproj", "{84505E33-E3A3-4643-958C-D71A6019C641}"
EndProject
Project("{FAE04EC0-301F-11D3-BF4B-00C04F79EFBC}") = "AttendanceShift.Infrastructure", "AttendanceShift.Infrastructure\AttendanceShift.Infrastructure.csproj", "{D3761D98-4B22-4F77-B7CA-580A3D6003DA}"
EndProject
Project("{2150E333-8FDC-42A3-9474-1A3956D46DE8}") = "AdminService", "AdminService", "{68D5DAAA-4826-4CC6-B95C-56E2C73F4238}"
EndProject
Project("{FAE04EC0-301F-11D3-BF4B-00C04F79EFBC}") = "AdminService.API", "AdminService.API\AdminService.API.csproj", "{B134000C-E361-4C36-8571-287120A4BABB}"
EndProject
Project("{FAE04EC0-301F-11D3-BF4B-00C04F79EFBC}") = "AdminService.Core", "AdminService.Core\AdminService.Core.csproj", "{103CFC56-39AB-42C9-B318-1265A6EB13FE}"
EndProject
Project("{FAE04EC0-301F-11D3-BF4B-00C04F79EFBC}") = "AdminService.Infrastructure", "AdminService.Infrastructure\AdminService.Infrastructure.csproj", "{83E6D8D9-947C-478C-8705-6ECC2083BA39}"
EndProject
Global
	GlobalSection(SolutionConfigurationPlatforms) = preSolution
		Debug|Any CPU = Debug|Any CPU
		Release|Any CPU = Release|Any CPU
	EndGlobalSection
	GlobalSection(ProjectConfigurationPlatforms) = postSolution
		{2C1E61C3-2692-4EE4-A80C-6923E80929A5}.Debug|Any CPU.ActiveCfg = Debug|Any CPU
		{2C1E61C3-2692-4EE4-A80C-6923E80929A5}.Debug|Any CPU.Build.0 = Debug|Any CPU
		{2C1E61C3-2692-4EE4-A80C-6923E80929A5}.Release|Any CPU.ActiveCfg = Release|Any CPU
		{2C1E61C3-2692-4EE4-A80C-6923E80929A5}.Release|Any CPU.Build.0 = Release|Any CPU
		{BB13CFA9-4676-4BA9-A3B4-A5C7FB47FDE1}.Debug|Any CPU.ActiveCfg = Debug|Any CPU
		{BB13CFA9-4676-4BA9-A3B4-A5C7FB47FDE1}.Debug|Any CPU.Build.0 = Debug|Any CPU
		{BB13CFA9-4676-4BA9-A3B4-A5C7FB47FDE1}.Release|Any CPU.ActiveCfg = Release|Any CPU
		{BB13CFA9-4676-4BA9-A3B4-A5C7FB47FDE1}.Release|Any CPU.Build.0 = Release|Any CPU
		{6F703C65-98E2-47D9-ABEC-6408B4CB9CEA}.Debug|Any CPU.ActiveCfg = Debug|Any CPU
		{6F703C65-98E2-47D9-ABEC-6408B4CB9CEA}.Debug|Any CPU.Build.0 = Debug|Any CPU
		{6F703C65-98E2-47D9-ABEC-6408B4CB9CEA}.Release|Any CPU.ActiveCfg = Release|Any CPU
		{6F703C65-98E2-47D9-ABEC-6408B4CB9CEA}.Release|Any CPU.Build.0 = Release|Any CPU
		{50C65C26-8C7F-4CB8-B4EB-BE6D1341D677}.Debug|Any CPU.ActiveCfg = Debug|Any CPU
		{50C65C26-8C7F-4CB8-B4EB-BE6D1341D677}.Debug|Any CPU.Build.0 = Debug|Any CPU
		{50C65C26-8C7F-4CB8-B4EB-BE6D1341D677}.Release|Any CPU.ActiveCfg = Release|Any CPU
		{50C65C26-8C7F-4CB8-B4EB-BE6D1341D677}.Release|Any CPU.Build.0 = Release|Any CPU
		{B9E2197F-287E-4150-A48F-BA29574E3248}.Debug|Any CPU.ActiveCfg = Debug|Any CPU
		{B9E2197F-287E-4150-A48F-BA29574E3248}.Debug|Any CPU.Build.0 = Debug|Any CPU
		{B9E2197F-287E-4150-A48F-BA29574E3248}.Release|Any CPU.ActiveCfg = Release|Any CPU
		{B9E2197F-287E-4150-A48F-BA29574E3248}.Release|Any CPU.Build.0 = Release|Any CPU
		{F696260D-DFCC-4D0D-91C2-CC498FECBC9C}.Debug|Any CPU.ActiveCfg = Debug|Any CPU
		{F696260D-DFCC-4D0D-91C2-CC498FECBC9C}.Debug|Any CPU.Build.0 = Debug|Any CPU
		{F696260D-DFCC-4D0D-91C2-CC498FECBC9C}.Release|Any CPU.ActiveCfg = Release|Any CPU
		{F696260D-DFCC-4D0D-91C2-CC498FECBC9C}.Release|Any CPU.Build.0 = Release|Any CPU
		{3656BB38-50FF-4F3F-9748-F0E47EF34650}.Debug|Any CPU.ActiveCfg = Debug|Any CPU
		{3656BB38-50FF-4F3F-9748-F0E47EF34650}.Debug|Any CPU.Build.0 = Debug|Any CPU
		{3656BB38-50FF-4F3F-9748-F0E47EF34650}.Release|Any CPU.ActiveCfg = Release|Any CPU
		{3656BB38-50FF-4F3F-9748-F0E47EF34650}.Release|Any CPU.Build.0 = Release|Any CPU
		{709C77BE-571C-461C-8A14-62B3B20B3AD6}.Debug|Any CPU.ActiveCfg = Debug|Any CPU
		{709C77BE-571C-461C-8A14-62B3B20B3AD6}.Debug|Any CPU.Build.0 = Debug|Any CPU
		{709C77BE-571C-461C-8A14-62B3B20B3AD6}.Release|Any CPU.ActiveCfg = Release|Any CPU
		{709C77BE-571C-461C-8A14-62B3B20B3AD6}.Release|Any CPU.Build.0 = Release|Any CPU
		{84505E33-E3A3-4643-958C-D71A6019C641}.Debug|Any CPU.ActiveCfg = Debug|Any CPU
		{84505E33-E3A3-4643-958C-D71A6019C641}.Debug|Any CPU.Build.0 = Debug|Any CPU
		{84505E33-E3A3-4643-958C-D71A6019C641}.Release|Any CPU.ActiveCfg = Release|Any CPU
		{84505E33-E3A3-4643-958C-D71A6019C641}.Release|Any CPU.Build.0 = Release|Any CPU
		{D3761D98-4B22-4F77-B7CA-580A3D6003DA}.Debug|Any CPU.ActiveCfg = Debug|Any CPU
		{D3761D98-4B22-4F77-B7CA-580A3D6003DA}.Debug|Any CPU.Build.0 = Debug|Any CPU
		{D3761D98-4B22-4F77-B7CA-580A3D6003DA}.Release|Any CPU.ActiveCfg = Release|Any CPU
		{D3761D98-4B22-4F77-B7CA-580A3D6003DA}.Release|Any CPU.Build.0 = Release|Any CPU
		{B134000C-E361-4C36-8571-287120A4BABB}.Debug|Any CPU.ActiveCfg = Debug|Any CPU
		{B134000C-E361-4C36-8571-287120A4BABB}.Debug|Any CPU.Build.0 = Debug|Any CPU
		{B134000C-E361-4C36-8571-287120A4BABB}.Release|Any CPU.ActiveCfg = Release|Any CPU
		{B134000C-E361-4C36-8571-287120A4BABB}.Release|Any CPU.Build.0 = Release|Any CPU
		{103CFC56-39AB-42C9-B318-1265A6EB13FE}.Debug|Any CPU.ActiveCfg = Debug|Any CPU
		{103CFC56-39AB-42C9-B318-1265A6EB13FE}.Debug|Any CPU.Build.0 = Debug|Any CPU
		{103CFC56-39AB-42C9-B318-1265A6EB13FE}.Release|Any CPU.ActiveCfg = Release|Any CPU
		{103CFC56-39AB-42C9-B318-1265A6EB13FE}.Release|Any CPU.Build.0 = Release|Any CPU
		{83E6D8D9-947C-478C-8705-6ECC2083BA39}.Debug|Any CPU.ActiveCfg = Debug|Any CPU
		{83E6D8D9-947C-478C-8705-6ECC2083BA39}.Debug|Any CPU.Build.0 = Debug|Any CPU
		{83E6D8D9-947C-478C-8705-6ECC2083BA39}.Release|Any CPU.ActiveCfg = Release|Any CPU
		{83E6D8D9-947C-478C-8705-6ECC2083BA39}.Release|Any CPU.Build.0 = Release|Any CPU
	EndGlobalSection
	GlobalSection(SolutionProperties) = preSolution
		HideSolutionNode = FALSE
	EndGlobalSection
	GlobalSection(NestedProjects) = preSolution
		{2C1E61C3-2692-4EE4-A80C-6923E80929A5} = {740C74C2-C6A8-4848-9796-8C6AFC782929}
		{BB13CFA9-4676-4BA9-A3B4-A5C7FB47FDE1} = {740C74C2-C6A8-4848-9796-8C6AFC782929}
		{6F703C65-98E2-47D9-ABEC-6408B4CB9CEA} = {740C74C2-C6A8-4848-9796-8C6AFC782929}
		{B9E2197F-287E-4150-A48F-BA29574E3248} = {0F19615A-B2A3-4264-BCA5-49CC686DD026}
		{F696260D-DFCC-4D0D-91C2-CC498FECBC9C} = {0F19615A-B2A3-4264-BCA5-49CC686DD026}
		{3656BB38-50FF-4F3F-9748-F0E47EF34650} = {0F19615A-B2A3-4264-BCA5-49CC686DD026}
		{709C77BE-571C-461C-8A14-62B3B20B3AD6} = {DD65C5B0-8E7A-46FB-AE95-F220A4D0AE6C}
		{84505E33-E3A3-4643-958C-D71A6019C641} = {DD65C5B0-8E7A-46FB-AE95-F220A4D0AE6C}
		{D3761D98-4B22-4F77-B7CA-580A3D6003DA} = {DD65C5B0-8E7A-46FB-AE95-F220A4D0AE6C}
		{B134000C-E361-4C36-8571-287120A4BABB} = {68D5DAAA-4826-4CC6-B95C-56E2C73F4238}
		{103CFC56-39AB-42C9-B318-1265A6EB13FE} = {68D5DAAA-4826-4CC6-B95C-56E2C73F4238}
		{83E6D8D9-947C-478C-8705-6ECC2083BA39} = {68D5DAAA-4826-4CC6-B95C-56E2C73F4238}
	EndGlobalSection
EndGlobal
