
Microsoft Visual Studio Solution File, Format Version 12.00
# Visual Studio Version 17
VisualStudioVersion = 17.12.35707.178
MinimumVisualStudioVersion = 10.0.40219.1
Project("{FAE04EC0-301F-11D3-BF4B-00C04F79EFBC}") = "AuthService.API", "ProjectPayrollSystem\AuthService.API.csproj", "{2C1E61C3-2692-4EE4-A80C-6923E80929A5}"
EndProject
Project("{2150E333-8FDC-42A3-9474-1A3956D46DE8}") = "AuthService", "AuthService", "{740C74C2-C6A8-4848-9796-8C6AFC782929}"
EndProject
Project("{FAE04EC0-301F-11D3-BF4B-00C04F79EFBC}") = "AuthService.Core", "AuthService.Core\AuthService.Core.csproj", "{BB13CFA9-4676-4BA9-A3B4-A5C7FB47FDE1}"
EndProject
Project("{FAE04EC0-301F-11D3-BF4B-00C04F79EFBC}") = "AuthService.Infrastructure", "AuthService.Infrastructure\AuthService.Infrastructure.csproj", "{6F703C65-98E2-47D9-ABEC-6408B4CB9CEA}"
EndProject
Project("{FAE04EC0-301F-11D3-BF4B-00C04F79EFBC}") = "Payroll.Common", "Payroll.Common\Payroll.Common.csproj", "{50C65C26-8C7F-4CB8-B4EB-BE6D1341D677}"
EndProject
Project("{2150E333-8FDC-42A3-9474-1A3956D46DE8}") = "EmployeeService", "EmployeeService", "{0F19615A-B2A3-4264-BCA5-49CC686DD026}"
EndProject
Project("{FAE04EC0-301F-11D3-BF4B-00C04F79EFBC}") = "EmployeeService.API", "EmployeeService.API\EmployeeService.API.csproj", "{B9E2197F-287E-4150-A48F-BA29574E3248}"
EndProject
Project("{FAE04EC0-301F-11D3-BF4B-00C04F79EFBC}") = "EmployeeService.Core", "EmployeeService.Core\EmployeeService.Core.csproj", "{F696260D-DFCC-4D0D-91C2-CC498FECBC9C}"
EndProject
Project("{FAE04EC0-301F-11D3-BF4B-00C04F79EFBC}") = "EmployeeService.Infrastructure", "EmployeeService.Infrastructure\EmployeeService.Infrastructure.csproj", "{3656BB38-50FF-4F3F-9748-F0E47EF34650}"
EndProject
Project("{2150E333-8FDC-42A3-9474-1A3956D46DE8}") = "AttendanceShiftService", "AttendanceShiftService", "{DD65C5B0-8E7A-46FB-AE95-F220A4D0AE6C}"
EndProject
Project("{FAE04EC0-301F-11D3-BF4B-00C04F79EFBC}") = "AttendanceShift.API", "AttendanceShift.API\AttendanceShift.API.csproj", "{709C77BE-571C-461C-8A14-62B3B20B3AD6}"
EndProject
Project("{FAE04EC0-301F-11D3-BF4B-00C04F79EFBC}") = "AttendanceShift.Core", "AttendanceShift.Core\AttendanceShift.Core.csproj", "{84505E33-E3A3-4643-958C-D71A6019C641}"
EndProject
Project("{FAE04EC0-301F-11D3-BF4B-00C04F79EFBC}") = "AttendanceShift.Infrastructure", "AttendanceShift.Infrastructure\AttendanceShift.Infrastructure.csproj", "{D3761D98-4B22-4F77-B7CA-580A3D6003DA}"
EndProject
Project("{2150E333-8FDC-42A3-9474-1A3956D46DE8}") = "AdminService", "AdminService", "{68D5DAAA-4826-4CC6-B95C-56E2C73F4238}"
EndProject
Project("{FAE04EC0-301F-11D3-BF4B-00C04F79EFBC}") = "AdminService.API", "AdminService.API\AdminService.API.csproj", "{B134000C-E361-4C36-8571-287120A4BABB}"
EndProject
Project("{FAE04EC0-301F-11D3-BF4B-00C04F79EFBC}") = "AdminService.Core", "AdminService.Core\AdminService.Core.csproj", "{103CFC56-39AB-42C9-B318-1265A6EB13FE}"
EndProject
Project("{FAE04EC0-301F-11D3-BF4B-00C04F79EFBC}") = "AdminService.Infrastructure", "AdminService.Infrastructure\AdminService.Infrastructure.csproj", "{83E6D8D9-947C-478C-8705-6ECC2083BA39}"
EndProject
Project("{2150E333-8FDC-42A3-9474-1A3956D46DE8}") = "SalaryComponents", "SalaryComponents", "{DF9F7649-AAB2-43AE-BD95-6E109ABE0D82}"
EndProject
Project("{FAE04EC0-301F-11D3-BF4B-00C04F79EFBC}") = "SalaryComponent.API", "SalaryComponent.API\SalaryComponent.API.csproj", "{9B9092C8-9D20-4FF3-B048-9356D094A814}"
EndProject
Project("{FAE04EC0-301F-11D3-BF4B-00C04F79EFBC}") = "SalaryComponent.Core", "SalaryComponent.Core\SalaryComponent.Core.csproj", "{83CD2BD3-A808-4549-A090-A31F65F2FCFD}"
EndProject
Project("{FAE04EC0-301F-11D3-BF4B-00C04F79EFBC}") = "SalaryComponent.Infrastructure", "SalaryComponent.Infrastructure\SalaryComponent.Infrastructure.csproj", "{5A51ED40-6879-497C-84DA-504807D996A5}"
EndProject
Project("{2150E333-8FDC-42A3-9474-1A3956D46DE8}") = "ProjectBasedVariableService", "ProjectBasedVariableService", "{BB903CBC-D968-4EEA-89F0-C90989E55E38}"
EndProject
Project("{FAE04EC0-301F-11D3-BF4B-00C04F79EFBC}") = "ProjectBasedVariable.API", "ProjectBasedVariable.API\ProjectBasedVariable.API.csproj", "{CB3B723B-DC2B-43AD-8C02-BDD7DC7CB3E1}"
EndProject
Project("{FAE04EC0-301F-11D3-BF4B-00C04F79EFBC}") = "ProjectBasedVariable.Infrastructure", "ProjectBasedVariable.Infrastructure\ProjectBasedVariable.Infrastructure.csproj", "{EFE2CA64-B601-4F63-A712-7FFED7E7666D}"
EndProject
Project("{FAE04EC0-301F-11D3-BF4B-00C04F79EFBC}") = "ProjectBasedVariable.Core", "ProjectBasedVariable.Core\ProjectBasedVariable.Core.csproj", "{93A2FD50-1B0D-4994-A818-506873477EB3}"
EndProject
Project("{2150E333-8FDC-42A3-9474-1A3956D46DE8}") = "ReimbursementsClaimsService", "ReimbursementsClaimsService", "{34832126-E7AD-44B6-A365-14B978E518C1}"
EndProject
Project("{FAE04EC0-301F-11D3-BF4B-00C04F79EFBC}") = "Reimbursements.API", "Reimbursements.API\Reimbursements.API.csproj", "{FE0AC50E-9ADC-4D91-8A4C-AAEC29312C33}"
EndProject
Project("{FAE04EC0-301F-11D3-BF4B-00C04F79EFBC}") = "Reimbursements.Core", "Reimbursements.Core\Reimbursements.Core.csproj", "{D01B2D83-B725-4ADF-AD36-FEAB1B2DAA9C}"
EndProject
Project("{FAE04EC0-301F-11D3-BF4B-00C04F79EFBC}") = "Reimbursements.Infrastructure", "Reimbursements.Infrastructure\Reimbursements.Infrastructure.csproj", "{DEC11BD0-5A4E-4427-A67E-19C19B4A2AB7}"
EndProject
Project("{2150E333-8FDC-42A3-9474-1A3956D46DE8}") = "DeductionsComplianceService", "DeductionsComplianceService", "{B246DEE8-0EC8-4336-85F6-F5B8E76FE3E6}"
EndProject
Project("{FAE04EC0-301F-11D3-BF4B-00C04F79EFBC}") = "DeductionsCompliance.API", "DeductionsCompliance.API\DeductionsCompliance.API.csproj", "{582F413E-C2CC-46E5-BB2A-EC4418EFB317}"
EndProject
Project("{FAE04EC0-301F-11D3-BF4B-00C04F79EFBC}") = "DeductionsCompliance.Core", "DeductionsCompliance.Core\DeductionsCompliance.Core.csproj", "{E29F5227-5ED8-4FF2-B4F1-3814E6AC32E8}"
EndProject
Project("{FAE04EC0-301F-11D3-BF4B-00C04F79EFBC}") = "DeductionsCompliance.Infrastructure", "DeductionsCompliance.Infrastructure\DeductionsCompliance.Infrastructure.csproj", "{D7EF107D-B0EC-4117-B5B1-E14AD33B90DB}"
EndProject
Project("{2150E333-8FDC-42A3-9474-1A3956D46DE8}") = "PayslipsReportingService", "PayslipsReportingService", "{A2C93379-278E-4969-866B-7780F2B65729}"
EndProject
Project("{FAE04EC0-301F-11D3-BF4B-00C04F79EFBC}") = "PayslipsReporting.API", "PayslipsReporting.API\PayslipsReporting.API.csproj", "{668AE3A3-FE13-4E2E-8129-EBC2D2E17A37}"
EndProject
Project("{FAE04EC0-301F-11D3-BF4B-00C04F79EFBC}") = "PayslipsReporting.Core", "PayslipsReporting.Core\PayslipsReporting.Core.csproj", "{56592A75-819F-46D6-8E4F-8C98EB9A61AD}"
EndProject
Project("{FAE04EC0-301F-11D3-BF4B-00C04F79EFBC}") = "PayslipsReporting.Infrastructure", "PayslipsReporting.Infrastructure\PayslipsReporting.Infrastructure.csproj", "{C3647F8F-BEDD-433D-A32D-593C35EFB925}"
EndProject
Project("{2150E333-8FDC-42A3-9474-1A3956D46DE8}") = "NotificationsApprovalService", "NotificationsApprovalService", "{059240A1-C5F7-47F2-AF07-BFD2F73B944D}"
EndProject
Project("{FAE04EC0-301F-11D3-BF4B-00C04F79EFBC}") = "NotificationsApproval.API", "NotificationsApproval.API\NotificationsApproval.API.csproj", "{FA400E6B-5E45-4DA4-A917-55022BA32A9A}"
EndProject
Project("{FAE04EC0-301F-11D3-BF4B-00C04F79EFBC}") = "NotificationsApproval.Core", "NotificationsApproval.Core\NotificationsApproval.Core.csproj", "{2F066DDD-832B-485B-9998-04A2DB36A2F7}"
EndProject
Project("{FAE04EC0-301F-11D3-BF4B-00C04F79EFBC}") = "NotificationsApproval.Infrastructure", "NotificationsApproval.Infrastructure\NotificationsApproval.Infrastructure.csproj", "{616EACA0-B861-4817-8DE0-E7A63833E601}"
EndProject
Project("{2150E333-8FDC-42A3-9474-1A3956D46DE8}") = "SecurityAccessService", "SecurityAccessService", "{53B20AC9-2F22-45AD-9363-1E31ADF35B4B}"
EndProject
Project("{FAE04EC0-301F-11D3-BF4B-00C04F79EFBC}") = "SecurityAccess.API", "SecurityAccess.API\SecurityAccess.API.csproj", "{50195D95-9300-412F-9364-78C61AC1E0F9}"
EndProject
Project("{FAE04EC0-301F-11D3-BF4B-00C04F79EFBC}") = "SecurityAccess.Core", "SecurityAccess.Core\SecurityAccess.Core.csproj", "{31733333-7B25-4B4E-8C81-B643535ABB45}"
EndProject
Project("{FAE04EC0-301F-11D3-BF4B-00C04F79EFBC}") = "SecurityAccess.Infrastructure", "SecurityAccessService.Infrastructure\SecurityAccess.Infrastructure.csproj", "{72EF6EE9-E893-438C-9D46-8D41B7660980}"
EndProject
Project("{2150E333-8FDC-42A3-9474-1A3956D46DE8}") = "LoansService", "LoansService", "{DF7CD576-05AA-4EA7-B8F0-1E075000C2F1}"
EndProject
Project("{FAE04EC0-301F-11D3-BF4B-00C04F79EFBC}") = "Loans.API", "Loans.API\Loans.API.csproj", "{3AD5BBD4-88EF-4E99-B409-596FA0603BD0}"
EndProject
Project("{FAE04EC0-301F-11D3-BF4B-00C04F79EFBC}") = "Loans.Core", "Loans.Core\Loans.Core.csproj", "{10ACC2FD-A073-4CCA-BBAB-DA1342757485}"
EndProject
Project("{FAE04EC0-301F-11D3-BF4B-00C04F79EFBC}") = "Loans.Infrastructure", "Loans.Infrastructure\Loans.Infrastructure.csproj", "{932976CA-7722-4BB2-AD88-EAAC758DFBF2}"
EndProject
Global
	GlobalSection(SolutionConfigurationPlatforms) = preSolution
		Debug|Any CPU = Debug|Any CPU
		Release|Any CPU = Release|Any CPU
	EndGlobalSection
	GlobalSection(ProjectConfigurationPlatforms) = postSolution
		{2C1E61C3-2692-4EE4-A80C-6923E80929A5}.Debug|Any CPU.ActiveCfg = Debug|Any CPU
		{2C1E61C3-2692-4EE4-A80C-6923E80929A5}.Debug|Any CPU.Build.0 = Debug|Any CPU
		{2C1E61C3-2692-4EE4-A80C-6923E80929A5}.Release|Any CPU.ActiveCfg = Release|Any CPU
		{2C1E61C3-2692-4EE4-A80C-6923E80929A5}.Release|Any CPU.Build.0 = Release|Any CPU
		{BB13CFA9-4676-4BA9-A3B4-A5C7FB47FDE1}.Debug|Any CPU.ActiveCfg = Debug|Any CPU
		{BB13CFA9-4676-4BA9-A3B4-A5C7FB47FDE1}.Debug|Any CPU.Build.0 = Debug|Any CPU
		{BB13CFA9-4676-4BA9-A3B4-A5C7FB47FDE1}.Release|Any CPU.ActiveCfg = Release|Any CPU
		{BB13CFA9-4676-4BA9-A3B4-A5C7FB47FDE1}.Release|Any CPU.Build.0 = Release|Any CPU
		{6F703C65-98E2-47D9-ABEC-6408B4CB9CEA}.Debug|Any CPU.ActiveCfg = Debug|Any CPU
		{6F703C65-98E2-47D9-ABEC-6408B4CB9CEA}.Debug|Any CPU.Build.0 = Debug|Any CPU
		{6F703C65-98E2-47D9-ABEC-6408B4CB9CEA}.Release|Any CPU.ActiveCfg = Release|Any CPU
		{6F703C65-98E2-47D9-ABEC-6408B4CB9CEA}.Release|Any CPU.Build.0 = Release|Any CPU
		{50C65C26-8C7F-4CB8-B4EB-BE6D1341D677}.Debug|Any CPU.ActiveCfg = Debug|Any CPU
		{50C65C26-8C7F-4CB8-B4EB-BE6D1341D677}.Debug|Any CPU.Build.0 = Debug|Any CPU
		{50C65C26-8C7F-4CB8-B4EB-BE6D1341D677}.Release|Any CPU.ActiveCfg = Release|Any CPU
		{50C65C26-8C7F-4CB8-B4EB-BE6D1341D677}.Release|Any CPU.Build.0 = Release|Any CPU
		{B9E2197F-287E-4150-A48F-BA29574E3248}.Debug|Any CPU.ActiveCfg = Debug|Any CPU
		{B9E2197F-287E-4150-A48F-BA29574E3248}.Debug|Any CPU.Build.0 = Debug|Any CPU
		{B9E2197F-287E-4150-A48F-BA29574E3248}.Release|Any CPU.ActiveCfg = Release|Any CPU
		{B9E2197F-287E-4150-A48F-BA29574E3248}.Release|Any CPU.Build.0 = Release|Any CPU
		{F696260D-DFCC-4D0D-91C2-CC498FECBC9C}.Debug|Any CPU.ActiveCfg = Debug|Any CPU
		{F696260D-DFCC-4D0D-91C2-CC498FECBC9C}.Debug|Any CPU.Build.0 = Debug|Any CPU
		{F696260D-DFCC-4D0D-91C2-CC498FECBC9C}.Release|Any CPU.ActiveCfg = Release|Any CPU
		{F696260D-DFCC-4D0D-91C2-CC498FECBC9C}.Release|Any CPU.Build.0 = Release|Any CPU
		{3656BB38-50FF-4F3F-9748-F0E47EF34650}.Debug|Any CPU.ActiveCfg = Debug|Any CPU
		{3656BB38-50FF-4F3F-9748-F0E47EF34650}.Debug|Any CPU.Build.0 = Debug|Any CPU
		{3656BB38-50FF-4F3F-9748-F0E47EF34650}.Release|Any CPU.ActiveCfg = Release|Any CPU
		{3656BB38-50FF-4F3F-9748-F0E47EF34650}.Release|Any CPU.Build.0 = Release|Any CPU
		{709C77BE-571C-461C-8A14-62B3B20B3AD6}.Debug|Any CPU.ActiveCfg = Debug|Any CPU
		{709C77BE-571C-461C-8A14-62B3B20B3AD6}.Debug|Any CPU.Build.0 = Debug|Any CPU
		{709C77BE-571C-461C-8A14-62B3B20B3AD6}.Release|Any CPU.ActiveCfg = Release|Any CPU
		{709C77BE-571C-461C-8A14-62B3B20B3AD6}.Release|Any CPU.Build.0 = Release|Any CPU
		{84505E33-E3A3-4643-958C-D71A6019C641}.Debug|Any CPU.ActiveCfg = Debug|Any CPU
		{84505E33-E3A3-4643-958C-D71A6019C641}.Debug|Any CPU.Build.0 = Debug|Any CPU
		{84505E33-E3A3-4643-958C-D71A6019C641}.Release|Any CPU.ActiveCfg = Release|Any CPU
		{84505E33-E3A3-4643-958C-D71A6019C641}.Release|Any CPU.Build.0 = Release|Any CPU
		{D3761D98-4B22-4F77-B7CA-580A3D6003DA}.Debug|Any CPU.ActiveCfg = Debug|Any CPU
		{D3761D98-4B22-4F77-B7CA-580A3D6003DA}.Debug|Any CPU.Build.0 = Debug|Any CPU
		{D3761D98-4B22-4F77-B7CA-580A3D6003DA}.Release|Any CPU.ActiveCfg = Release|Any CPU
		{D3761D98-4B22-4F77-B7CA-580A3D6003DA}.Release|Any CPU.Build.0 = Release|Any CPU
		{B134000C-E361-4C36-8571-287120A4BABB}.Debug|Any CPU.ActiveCfg = Debug|Any CPU
		{B134000C-E361-4C36-8571-287120A4BABB}.Debug|Any CPU.Build.0 = Debug|Any CPU
		{B134000C-E361-4C36-8571-287120A4BABB}.Release|Any CPU.ActiveCfg = Release|Any CPU
		{B134000C-E361-4C36-8571-287120A4BABB}.Release|Any CPU.Build.0 = Release|Any CPU
		{103CFC56-39AB-42C9-B318-1265A6EB13FE}.Debug|Any CPU.ActiveCfg = Debug|Any CPU
		{103CFC56-39AB-42C9-B318-1265A6EB13FE}.Debug|Any CPU.Build.0 = Debug|Any CPU
		{103CFC56-39AB-42C9-B318-1265A6EB13FE}.Release|Any CPU.ActiveCfg = Release|Any CPU
		{103CFC56-39AB-42C9-B318-1265A6EB13FE}.Release|Any CPU.Build.0 = Release|Any CPU
		{83E6D8D9-947C-478C-8705-6ECC2083BA39}.Debug|Any CPU.ActiveCfg = Debug|Any CPU
		{83E6D8D9-947C-478C-8705-6ECC2083BA39}.Debug|Any CPU.Build.0 = Debug|Any CPU
		{83E6D8D9-947C-478C-8705-6ECC2083BA39}.Release|Any CPU.ActiveCfg = Release|Any CPU
		{83E6D8D9-947C-478C-8705-6ECC2083BA39}.Release|Any CPU.Build.0 = Release|Any CPU
		{9B9092C8-9D20-4FF3-B048-9356D094A814}.Debug|Any CPU.ActiveCfg = Debug|Any CPU
		{9B9092C8-9D20-4FF3-B048-9356D094A814}.Debug|Any CPU.Build.0 = Debug|Any CPU
		{9B9092C8-9D20-4FF3-B048-9356D094A814}.Release|Any CPU.ActiveCfg = Release|Any CPU
		{9B9092C8-9D20-4FF3-B048-9356D094A814}.Release|Any CPU.Build.0 = Release|Any CPU
		{83CD2BD3-A808-4549-A090-A31F65F2FCFD}.Debug|Any CPU.ActiveCfg = Debug|Any CPU
		{83CD2BD3-A808-4549-A090-A31F65F2FCFD}.Debug|Any CPU.Build.0 = Debug|Any CPU
		{83CD2BD3-A808-4549-A090-A31F65F2FCFD}.Release|Any CPU.ActiveCfg = Release|Any CPU
		{83CD2BD3-A808-4549-A090-A31F65F2FCFD}.Release|Any CPU.Build.0 = Release|Any CPU
		{5A51ED40-6879-497C-84DA-504807D996A5}.Debug|Any CPU.ActiveCfg = Debug|Any CPU
		{5A51ED40-6879-497C-84DA-504807D996A5}.Debug|Any CPU.Build.0 = Debug|Any CPU
		{5A51ED40-6879-497C-84DA-504807D996A5}.Release|Any CPU.ActiveCfg = Release|Any CPU
		{5A51ED40-6879-497C-84DA-504807D996A5}.Release|Any CPU.Build.0 = Release|Any CPU
		{CB3B723B-DC2B-43AD-8C02-BDD7DC7CB3E1}.Debug|Any CPU.ActiveCfg = Debug|Any CPU
		{CB3B723B-DC2B-43AD-8C02-BDD7DC7CB3E1}.Debug|Any CPU.Build.0 = Debug|Any CPU
		{CB3B723B-DC2B-43AD-8C02-BDD7DC7CB3E1}.Release|Any CPU.ActiveCfg = Release|Any CPU
		{CB3B723B-DC2B-43AD-8C02-BDD7DC7CB3E1}.Release|Any CPU.Build.0 = Release|Any CPU
		{EFE2CA64-B601-4F63-A712-7FFED7E7666D}.Debug|Any CPU.ActiveCfg = Debug|Any CPU
		{EFE2CA64-B601-4F63-A712-7FFED7E7666D}.Debug|Any CPU.Build.0 = Debug|Any CPU
		{EFE2CA64-B601-4F63-A712-7FFED7E7666D}.Release|Any CPU.ActiveCfg = Release|Any CPU
		{EFE2CA64-B601-4F63-A712-7FFED7E7666D}.Release|Any CPU.Build.0 = Release|Any CPU
		{93A2FD50-1B0D-4994-A818-506873477EB3}.Debug|Any CPU.ActiveCfg = Debug|Any CPU
		{93A2FD50-1B0D-4994-A818-506873477EB3}.Debug|Any CPU.Build.0 = Debug|Any CPU
		{93A2FD50-1B0D-4994-A818-506873477EB3}.Release|Any CPU.ActiveCfg = Release|Any CPU
		{93A2FD50-1B0D-4994-A818-506873477EB3}.Release|Any CPU.Build.0 = Release|Any CPU
		{FE0AC50E-9ADC-4D91-8A4C-AAEC29312C33}.Debug|Any CPU.ActiveCfg = Debug|Any CPU
		{FE0AC50E-9ADC-4D91-8A4C-AAEC29312C33}.Debug|Any CPU.Build.0 = Debug|Any CPU
		{FE0AC50E-9ADC-4D91-8A4C-AAEC29312C33}.Release|Any CPU.ActiveCfg = Release|Any CPU
		{FE0AC50E-9ADC-4D91-8A4C-AAEC29312C33}.Release|Any CPU.Build.0 = Release|Any CPU
		{D01B2D83-B725-4ADF-AD36-FEAB1B2DAA9C}.Debug|Any CPU.ActiveCfg = Debug|Any CPU
		{D01B2D83-B725-4ADF-AD36-FEAB1B2DAA9C}.Debug|Any CPU.Build.0 = Debug|Any CPU
		{D01B2D83-B725-4ADF-AD36-FEAB1B2DAA9C}.Release|Any CPU.ActiveCfg = Release|Any CPU
		{D01B2D83-B725-4ADF-AD36-FEAB1B2DAA9C}.Release|Any CPU.Build.0 = Release|Any CPU
		{DEC11BD0-5A4E-4427-A67E-19C19B4A2AB7}.Debug|Any CPU.ActiveCfg = Debug|Any CPU
		{DEC11BD0-5A4E-4427-A67E-19C19B4A2AB7}.Debug|Any CPU.Build.0 = Debug|Any CPU
		{DEC11BD0-5A4E-4427-A67E-19C19B4A2AB7}.Release|Any CPU.ActiveCfg = Release|Any CPU
		{DEC11BD0-5A4E-4427-A67E-19C19B4A2AB7}.Release|Any CPU.Build.0 = Release|Any CPU
		{582F413E-C2CC-46E5-BB2A-EC4418EFB317}.Debug|Any CPU.ActiveCfg = Debug|Any CPU
		{582F413E-C2CC-46E5-BB2A-EC4418EFB317}.Debug|Any CPU.Build.0 = Debug|Any CPU
		{582F413E-C2CC-46E5-BB2A-EC4418EFB317}.Release|Any CPU.ActiveCfg = Release|Any CPU
		{582F413E-C2CC-46E5-BB2A-EC4418EFB317}.Release|Any CPU.Build.0 = Release|Any CPU
		{E29F5227-5ED8-4FF2-B4F1-3814E6AC32E8}.Debug|Any CPU.ActiveCfg = Debug|Any CPU
		{E29F5227-5ED8-4FF2-B4F1-3814E6AC32E8}.Debug|Any CPU.Build.0 = Debug|Any CPU
		{E29F5227-5ED8-4FF2-B4F1-3814E6AC32E8}.Release|Any CPU.ActiveCfg = Release|Any CPU
		{E29F5227-5ED8-4FF2-B4F1-3814E6AC32E8}.Release|Any CPU.Build.0 = Release|Any CPU
		{D7EF107D-B0EC-4117-B5B1-E14AD33B90DB}.Debug|Any CPU.ActiveCfg = Debug|Any CPU
		{D7EF107D-B0EC-4117-B5B1-E14AD33B90DB}.Debug|Any CPU.Build.0 = Debug|Any CPU
		{D7EF107D-B0EC-4117-B5B1-E14AD33B90DB}.Release|Any CPU.ActiveCfg = Release|Any CPU
		{D7EF107D-B0EC-4117-B5B1-E14AD33B90DB}.Release|Any CPU.Build.0 = Release|Any CPU
		{668AE3A3-FE13-4E2E-8129-EBC2D2E17A37}.Debug|Any CPU.ActiveCfg = Debug|Any CPU
		{668AE3A3-FE13-4E2E-8129-EBC2D2E17A37}.Debug|Any CPU.Build.0 = Debug|Any CPU
		{668AE3A3-FE13-4E2E-8129-EBC2D2E17A37}.Release|Any CPU.ActiveCfg = Release|Any CPU
		{668AE3A3-FE13-4E2E-8129-EBC2D2E17A37}.Release|Any CPU.Build.0 = Release|Any CPU
		{56592A75-819F-46D6-8E4F-8C98EB9A61AD}.Debug|Any CPU.ActiveCfg = Debug|Any CPU
		{56592A75-819F-46D6-8E4F-8C98EB9A61AD}.Debug|Any CPU.Build.0 = Debug|Any CPU
		{56592A75-819F-46D6-8E4F-8C98EB9A61AD}.Release|Any CPU.ActiveCfg = Release|Any CPU
		{56592A75-819F-46D6-8E4F-8C98EB9A61AD}.Release|Any CPU.Build.0 = Release|Any CPU
		{C3647F8F-BEDD-433D-A32D-593C35EFB925}.Debug|Any CPU.ActiveCfg = Debug|Any CPU
		{C3647F8F-BEDD-433D-A32D-593C35EFB925}.Debug|Any CPU.Build.0 = Debug|Any CPU
		{C3647F8F-BEDD-433D-A32D-593C35EFB925}.Release|Any CPU.ActiveCfg = Release|Any CPU
		{C3647F8F-BEDD-433D-A32D-593C35EFB925}.Release|Any CPU.Build.0 = Release|Any CPU
		{FA400E6B-5E45-4DA4-A917-55022BA32A9A}.Debug|Any CPU.ActiveCfg = Debug|Any CPU
		{FA400E6B-5E45-4DA4-A917-55022BA32A9A}.Debug|Any CPU.Build.0 = Debug|Any CPU
		{FA400E6B-5E45-4DA4-A917-55022BA32A9A}.Release|Any CPU.ActiveCfg = Release|Any CPU
		{FA400E6B-5E45-4DA4-A917-55022BA32A9A}.Release|Any CPU.Build.0 = Release|Any CPU
		{2F066DDD-832B-485B-9998-04A2DB36A2F7}.Debug|Any CPU.ActiveCfg = Debug|Any CPU
		{2F066DDD-832B-485B-9998-04A2DB36A2F7}.Debug|Any CPU.Build.0 = Debug|Any CPU
		{2F066DDD-832B-485B-9998-04A2DB36A2F7}.Release|Any CPU.ActiveCfg = Release|Any CPU
		{2F066DDD-832B-485B-9998-04A2DB36A2F7}.Release|Any CPU.Build.0 = Release|Any CPU
		{616EACA0-B861-4817-8DE0-E7A63833E601}.Debug|Any CPU.ActiveCfg = Debug|Any CPU
		{616EACA0-B861-4817-8DE0-E7A63833E601}.Debug|Any CPU.Build.0 = Debug|Any CPU
		{616EACA0-B861-4817-8DE0-E7A63833E601}.Release|Any CPU.ActiveCfg = Release|Any CPU
		{616EACA0-B861-4817-8DE0-E7A63833E601}.Release|Any CPU.Build.0 = Release|Any CPU
		{50195D95-9300-412F-9364-78C61AC1E0F9}.Debug|Any CPU.ActiveCfg = Debug|Any CPU
		{50195D95-9300-412F-9364-78C61AC1E0F9}.Debug|Any CPU.Build.0 = Debug|Any CPU
		{50195D95-9300-412F-9364-78C61AC1E0F9}.Release|Any CPU.ActiveCfg = Release|Any CPU
		{50195D95-9300-412F-9364-78C61AC1E0F9}.Release|Any CPU.Build.0 = Release|Any CPU
		{31733333-7B25-4B4E-8C81-B643535ABB45}.Debug|Any CPU.ActiveCfg = Debug|Any CPU
		{31733333-7B25-4B4E-8C81-B643535ABB45}.Debug|Any CPU.Build.0 = Debug|Any CPU
		{31733333-7B25-4B4E-8C81-B643535ABB45}.Release|Any CPU.ActiveCfg = Release|Any CPU
		{31733333-7B25-4B4E-8C81-B643535ABB45}.Release|Any CPU.Build.0 = Release|Any CPU
		{72EF6EE9-E893-438C-9D46-8D41B7660980}.Debug|Any CPU.ActiveCfg = Debug|Any CPU
		{72EF6EE9-E893-438C-9D46-8D41B7660980}.Debug|Any CPU.Build.0 = Debug|Any CPU
		{72EF6EE9-E893-438C-9D46-8D41B7660980}.Release|Any CPU.ActiveCfg = Release|Any CPU
		{72EF6EE9-E893-438C-9D46-8D41B7660980}.Release|Any CPU.Build.0 = Release|Any CPU
		{3AD5BBD4-88EF-4E99-B409-596FA0603BD0}.Debug|Any CPU.ActiveCfg = Debug|Any CPU
		{3AD5BBD4-88EF-4E99-B409-596FA0603BD0}.Debug|Any CPU.Build.0 = Debug|Any CPU
		{3AD5BBD4-88EF-4E99-B409-596FA0603BD0}.Release|Any CPU.ActiveCfg = Release|Any CPU
		{3AD5BBD4-88EF-4E99-B409-596FA0603BD0}.Release|Any CPU.Build.0 = Release|Any CPU
		{10ACC2FD-A073-4CCA-BBAB-DA1342757485}.Debug|Any CPU.ActiveCfg = Debug|Any CPU
		{10ACC2FD-A073-4CCA-BBAB-DA1342757485}.Debug|Any CPU.Build.0 = Debug|Any CPU
		{10ACC2FD-A073-4CCA-BBAB-DA1342757485}.Release|Any CPU.ActiveCfg = Release|Any CPU
		{10ACC2FD-A073-4CCA-BBAB-DA1342757485}.Release|Any CPU.Build.0 = Release|Any CPU
		{932976CA-7722-4BB2-AD88-EAAC758DFBF2}.Debug|Any CPU.ActiveCfg = Debug|Any CPU
		{932976CA-7722-4BB2-AD88-EAAC758DFBF2}.Debug|Any CPU.Build.0 = Debug|Any CPU
		{932976CA-7722-4BB2-AD88-EAAC758DFBF2}.Release|Any CPU.ActiveCfg = Release|Any CPU
		{932976CA-7722-4BB2-AD88-EAAC758DFBF2}.Release|Any CPU.Build.0 = Release|Any CPU
	EndGlobalSection
	GlobalSection(SolutionProperties) = preSolution
		HideSolutionNode = FALSE
	EndGlobalSection
	GlobalSection(NestedProjects) = preSolution
		{2C1E61C3-2692-4EE4-A80C-6923E80929A5} = {740C74C2-C6A8-4848-9796-8C6AFC782929}
		{BB13CFA9-4676-4BA9-A3B4-A5C7FB47FDE1} = {740C74C2-C6A8-4848-9796-8C6AFC782929}
		{6F703C65-98E2-47D9-ABEC-6408B4CB9CEA} = {740C74C2-C6A8-4848-9796-8C6AFC782929}
		{B9E2197F-287E-4150-A48F-BA29574E3248} = {0F19615A-B2A3-4264-BCA5-49CC686DD026}
		{F696260D-DFCC-4D0D-91C2-CC498FECBC9C} = {0F19615A-B2A3-4264-BCA5-49CC686DD026}
		{3656BB38-50FF-4F3F-9748-F0E47EF34650} = {0F19615A-B2A3-4264-BCA5-49CC686DD026}
		{709C77BE-571C-461C-8A14-62B3B20B3AD6} = {DD65C5B0-8E7A-46FB-AE95-F220A4D0AE6C}
		{84505E33-E3A3-4643-958C-D71A6019C641} = {DD65C5B0-8E7A-46FB-AE95-F220A4D0AE6C}
		{D3761D98-4B22-4F77-B7CA-580A3D6003DA} = {DD65C5B0-8E7A-46FB-AE95-F220A4D0AE6C}
		{B134000C-E361-4C36-8571-287120A4BABB} = {68D5DAAA-4826-4CC6-B95C-56E2C73F4238}
		{103CFC56-39AB-42C9-B318-1265A6EB13FE} = {68D5DAAA-4826-4CC6-B95C-56E2C73F4238}
		{83E6D8D9-947C-478C-8705-6ECC2083BA39} = {68D5DAAA-4826-4CC6-B95C-56E2C73F4238}
		{9B9092C8-9D20-4FF3-B048-9356D094A814} = {DF9F7649-AAB2-43AE-BD95-6E109ABE0D82}
		{83CD2BD3-A808-4549-A090-A31F65F2FCFD} = {DF9F7649-AAB2-43AE-BD95-6E109ABE0D82}
		{5A51ED40-6879-497C-84DA-504807D996A5} = {DF9F7649-AAB2-43AE-BD95-6E109ABE0D82}
		{CB3B723B-DC2B-43AD-8C02-BDD7DC7CB3E1} = {BB903CBC-D968-4EEA-89F0-C90989E55E38}
		{EFE2CA64-B601-4F63-A712-7FFED7E7666D} = {BB903CBC-D968-4EEA-89F0-C90989E55E38}
		{93A2FD50-1B0D-4994-A818-506873477EB3} = {BB903CBC-D968-4EEA-89F0-C90989E55E38}
		{FE0AC50E-9ADC-4D91-8A4C-AAEC29312C33} = {34832126-E7AD-44B6-A365-14B978E518C1}
		{D01B2D83-B725-4ADF-AD36-FEAB1B2DAA9C} = {34832126-E7AD-44B6-A365-14B978E518C1}
		{DEC11BD0-5A4E-4427-A67E-19C19B4A2AB7} = {34832126-E7AD-44B6-A365-14B978E518C1}
		{582F413E-C2CC-46E5-BB2A-EC4418EFB317} = {B246DEE8-0EC8-4336-85F6-F5B8E76FE3E6}
		{E29F5227-5ED8-4FF2-B4F1-3814E6AC32E8} = {B246DEE8-0EC8-4336-85F6-F5B8E76FE3E6}
		{D7EF107D-B0EC-4117-B5B1-E14AD33B90DB} = {B246DEE8-0EC8-4336-85F6-F5B8E76FE3E6}
		{668AE3A3-FE13-4E2E-8129-EBC2D2E17A37} = {A2C93379-278E-4969-866B-7780F2B65729}
		{56592A75-819F-46D6-8E4F-8C98EB9A61AD} = {A2C93379-278E-4969-866B-7780F2B65729}
		{C3647F8F-BEDD-433D-A32D-593C35EFB925} = {A2C93379-278E-4969-866B-7780F2B65729}
		{FA400E6B-5E45-4DA4-A917-55022BA32A9A} = {059240A1-C5F7-47F2-AF07-BFD2F73B944D}
		{2F066DDD-832B-485B-9998-04A2DB36A2F7} = {059240A1-C5F7-47F2-AF07-BFD2F73B944D}
		{616EACA0-B861-4817-8DE0-E7A63833E601} = {059240A1-C5F7-47F2-AF07-BFD2F73B944D}
		{50195D95-9300-412F-9364-78C61AC1E0F9} = {53B20AC9-2F22-45AD-9363-1E31ADF35B4B}
		{31733333-7B25-4B4E-8C81-B643535ABB45} = {53B20AC9-2F22-45AD-9363-1E31ADF35B4B}
		{72EF6EE9-E893-438C-9D46-8D41B7660980} = {53B20AC9-2F22-45AD-9363-1E31ADF35B4B}
		{3AD5BBD4-88EF-4E99-B409-596FA0603BD0} = {DF7CD576-05AA-4EA7-B8F0-1E075000C2F1}
		{10ACC2FD-A073-4CCA-BBAB-DA1342757485} = {DF7CD576-05AA-4EA7-B8F0-1E075000C2F1}
		{932976CA-7722-4BB2-AD88-EAAC758DFBF2} = {DF7CD576-05AA-4EA7-B8F0-1E075000C2F1}
	EndGlobalSection
EndGlobal
